
Microsoft Visual Studio Solution File, Format Version 12.00
# Visual Studio Version 16
VisualStudioVersion = 16.0.31112.23
MinimumVisualStudioVersion = 10.0.40219.1
Project("{FAE04EC0-301F-11D3-BF4B-00C04F79EFBC}") = "A879358.Actividad03", "A879358.Actividad03\A879358.Actividad03.csproj", "{49D9102E-2DB8-4E2C-A33A-814C88CA4B96}"
EndProject
Global
	GlobalSection(SolutionConfigurationPlatforms) = preSolution
		Debug|Any CPU = Debug|Any CPU
		Release|Any CPU = Release|Any CPU
	EndGlobalSection
	GlobalSection(ProjectConfigurationPlatforms) = postSolution
		{49D9102E-2DB8-4E2C-A33A-814C88CA4B96}.Debug|Any CPU.ActiveCfg = Debug|Any CPU
		{49D9102E-2DB8-4E2C-A33A-814C88CA4B96}.Debug|Any CPU.Build.0 = Debug|Any CPU
		{49D9102E-2DB8-4E2C-A33A-814C88CA4B96}.Release|Any CPU.ActiveCfg = Release|Any CPU
		{49D9102E-2DB8-4E2C-A33A-814C88CA4B96}.Release|Any CPU.Build.0 = Release|Any CPU
	EndGlobalSection
	GlobalSection(SolutionProperties) = preSolution
		HideSolutionNode = FALSE
	EndGlobalSection
	GlobalSection(ExtensibilityGlobals) = postSolution
		SolutionGuid = {B3D1C17D-6600-46F0-944E-CECC4181555C}
	EndGlobalSection
EndGlobal
